<?xml version="1.0" encoding="utf-8"?>
<Project ToolsVersion="4.0" xmlns="http://schemas.microsoft.com/developer/msbuild/2003">
  <ItemGroup>
    <Filter Include="源文件">
      <UniqueIdentifier>{4FC737F1-C7A5-4376-A066-2A32D752A2FF}</UniqueIdentifier>
      <Extensions>cpp;c;cc;cxx;c++;cppm;ixx;def;odl;idl;hpj;bat;asm;asmx</Extensions>
    </Filter>
    <Filter Include="头文件">
      <UniqueIdentifier>{93995380-89BD-4b04-88EB-625FBE52EBFB}</UniqueIdentifier>
      <Extensions>h;hh;hpp;hxx;h++;hm;inl;inc;ipp;xsd</Extensions>
    </Filter>
    <Filter Include="源文件\资源文件">
      <UniqueIdentifier>{67DA6AB6-F800-4c08-8B7A-83BB121AAD01}</UniqueIdentifier>
      <Extensions>rc;ico;cur;bmp;dlg;rc2;rct;bin;rgs;gif;jpg;jpeg;jpe;resx;tiff;tif;png;wav;mfcribbon-ms</Extensions>
    </Filter>
    <Filter Include="头文件\View">
      <UniqueIdentifier>{7001e11e-e0ad-4b48-82a0-ceddeb8f41fa}</UniqueIdentifier>
    </Filter>
    <Filter Include="头文件\Model">
      <UniqueIdentifier>{23d82a8d-d236-473f-920c-133567a1bc6f}</UniqueIdentifier>
    </Filter>
    <Filter Include="头文件\Controller">
      <UniqueIdentifier>{298719fe-3749-4ac5-a8a0-07c39beac64c}</UniqueIdentifier>
    </Filter>
    <Filter Include="源文件\Controller">
      <UniqueIdentifier>{c05d0c6e-8694-41d8-ace0-108e3b71ab95}</UniqueIdentifier>
    </Filter>
    <Filter Include="源文件\Model">
      <UniqueIdentifier>{c70e9207-5dea-4481-b2de-4bd307327c13}</UniqueIdentifier>
    </Filter>
    <Filter Include="源文件\View">
      <UniqueIdentifier>{68ccea4d-45f6-4a82-b320-db0e997fed7d}</UniqueIdentifier>
    </Filter>
  </ItemGroup>
  <ItemGroup>
    <ClInclude Include="user.h">
      <Filter>头文件\View</Filter>
    </ClInclude>
    <ClInclude Include="station.h">
      <Filter>头文件\Model</Filter>
    </ClInclude>
    <ClInclude Include="subway.h">
      <Filter>头文件\Model</Filter>
    </ClInclude>
    <ClInclude Include="line.h">
      <Filter>头文件\Model</Filter>
    </ClInclude>
    <ClInclude Include="file.h">
      <Filter>头文件\Model</Filter>
    </ClInclude>
    <ClInclude Include="command_controller.h">
      <Filter>头文件\Controller</Filter>
    </ClInclude>
    <ClInclude Include="controller.h">
      <Filter>头文件\Controller</Filter>
    </ClInclude>
    <ClInclude Include="request_file_controller.h">
      <Filter>头文件\Controller</Filter>
    </ClInclude>
    <ClInclude Include="result_controller.h">
      <Filter>头文件\Controller</Filter>
    </ClInclude>
    <ClInclude Include="send_file_controller.h">
      <Filter>头文件\Controller</Filter>
    </ClInclude>
  </ItemGroup>
  <ItemGroup>
    <ClCompile Include="main.cpp">
      <Filter>源文件</Filter>
    </ClCompile>
    <ClCompile Include="command_controller.cpp">
      <Filter>源文件\Controller</Filter>
    </ClCompile>
    <ClCompile Include="controller.cpp">
      <Filter>源文件\Controller</Filter>
    </ClCompile>
    <ClCompile Include="request_file_controller.cpp">
      <Filter>源文件\Controller</Filter>
    </ClCompile>
    <ClCompile Include="result_controller.cpp">
      <Filter>源文件\Controller</Filter>
    </ClCompile>
    <ClCompile Include="send_file_controller.cpp">
      <Filter>源文件\Controller</Filter>
    </ClCompile>
    <ClCompile Include="file.cpp">
      <Filter>源文件\Model</Filter>
    </ClCompile>
    <ClCompile Include="line.cpp">
      <Filter>源文件\Model</Filter>
    </ClCompile>
    <ClCompile Include="station.cpp">
      <Filter>源文件\Model</Filter>
    </ClCompile>
    <ClCompile Include="subway.cpp">
      <Filter>源文件\Model</Filter>
    </ClCompile>
    <ClCompile Include="user.cpp">
      <Filter>源文件\View</Filter>
    </ClCompile>
  </ItemGroup>
  <ItemGroup>
    <Text Include="..\..\beijingsubway_data\beijing-subway.txt">
      <Filter>源文件\资源文件</Filter>
    </Text>
    <Text Include="..\..\beijingsubway_data\line.txt">
      <Filter>源文件\资源文件</Filter>
    </Text>
    <Text Include="..\..\beijingsubway_data\station.txt">
      <Filter>源文件\资源文件</Filter>
    </Text>
    <Text Include="..\..\beijingsubway_data\goodarg.txt">
      <Filter>源文件\资源文件</Filter>
    </Text>
    <Text Include="..\..\beijingsubway_data\good_arg.txt">
      <Filter>源文件\资源文件</Filter>
    </Text>
  </ItemGroup>
</Project>