
Microsoft Visual Studio Solution File, Format Version 12.00
# Visual Studio Version 16
VisualStudioVersion = 16.0.32106.194
MinimumVisualStudioVersion = 10.0.40219.1
Project("{8BC9CEB8-8B4A-11D0-8D11-00A0C91BC942}") = "subway_project", "subway_project\subway_project.vcxproj", "{3E63CB69-CC3E-4DF4-AF1A-9FE95C9C6500}"
EndProject
Project("{8BC9CEB8-8B4A-11D0-8D11-00A0C91BC942}") = "UnitTest1", "UnitTest1\UnitTest1.vcxproj", "{60DCD05D-8B11-4D38-B3DB-38ED680512F7}"
EndProject
Global
	GlobalSection(SolutionConfigurationPlatforms) = preSolution
		Debug|x64 = Debug|x64
		Debug|x86 = Debug|x86
		Release|x64 = Release|x64
		Release|x86 = Release|x86
	EndGlobalSection
	GlobalSection(ProjectConfigurationPlatforms) = postSolution
		{3E63CB69-CC3E-4DF4-AF1A-9FE95C9C6500}.Debug|x64.ActiveCfg = Debug|x64
		{3E63CB69-CC3E-4DF4-AF1A-9FE95C9C6500}.Debug|x64.Build.0 = Debug|x64
		{3E63CB69-CC3E-4DF4-AF1A-9FE95C9C6500}.Debug|x86.ActiveCfg = Debug|Win32
		{3E63CB69-CC3E-4DF4-AF1A-9FE95C9C6500}.Debug|x86.Build.0 = Debug|Win32
		{3E63CB69-CC3E-4DF4-AF1A-9FE95C9C6500}.Release|x64.ActiveCfg = Release|x64
		{3E63CB69-CC3E-4DF4-AF1A-9FE95C9C6500}.Release|x64.Build.0 = Release|x64
		{3E63CB69-CC3E-4DF4-AF1A-9FE95C9C6500}.Release|x86.ActiveCfg = Release|Win32
		{3E63CB69-CC3E-4DF4-AF1A-9FE95C9C6500}.Release|x86.Build.0 = Release|Win32
		{60DCD05D-8B11-4D38-B3DB-38ED680512F7}.Debug|x64.ActiveCfg = Debug|x64
		{60DCD05D-8B11-4D38-B3DB-38ED680512F7}.Debug|x64.Build.0 = Debug|x64
		{60DCD05D-8B11-4D38-B3DB-38ED680512F7}.Debug|x86.ActiveCfg = Debug|Win32
		{60DCD05D-8B11-4D38-B3DB-38ED680512F7}.Debug|x86.Build.0 = Debug|Win32
		{60DCD05D-8B11-4D38-B3DB-38ED680512F7}.Release|x64.ActiveCfg = Release|x64
		{60DCD05D-8B11-4D38-B3DB-38ED680512F7}.Release|x64.Build.0 = Release|x64
		{60DCD05D-8B11-4D38-B3DB-38ED680512F7}.Release|x86.ActiveCfg = Release|Win32
		{60DCD05D-8B11-4D38-B3DB-38ED680512F7}.Release|x86.Build.0 = Release|Win32
	EndGlobalSection
	GlobalSection(SolutionProperties) = preSolution
		HideSolutionNode = FALSE
	EndGlobalSection
	GlobalSection(ExtensibilityGlobals) = postSolution
		SolutionGuid = {A830E4A3-1866-4BBB-8A28-ECBE4E5517BF}
	EndGlobalSection
EndGlobal
